{
  "description": "sha256 of every file tools/generate.mjs writes",
  "files": {
    "contracts/generated/ever-platform.v1.json": "4a988a6435cbf9446e7b9c81d241483a093c59d8eb0fde0c07affa7728ac98a5",
    "contracts/generated/outbound-calls.json": "1bc5b6984f4712f1bafaa4ed10ede3bb2703e6fcf55e7e755bd7d794f3659945",
    "contracts/generated/row-coverage.json": "6ac2ca6319a1c4d3c3851c30175616239b9d416685dea3798dfb0e2e6e51b08d",
    "crates/ever-connect-contracts/src/generated/constants.rs": "23dbc9c06c507bd6208adf29c5a8244511e4e413e5a5c9c8688810775ee432a9",
    "crates/ever-connect-contracts/src/generated/data/constants.json": "2110f4b6591126c752b3a6bcaa7ad84060024bf7075260d83631a4da93b3f7f1",
    "crates/ever-connect-contracts/src/generated/data/integrations/app_sync.json": "1fa3bfa566557109905ec0ecc6832b1ac39ec799b737d231bc95ccf54ae5b70e",
    "crates/ever-connect-contracts/src/generated/data/integrations/billing_link.json": "674c904eecfb899e4eff7fad08072474c9e63867c8ef035694d9cabe81180250",
    "crates/ever-connect-contracts/src/generated/data/integrations/counterparty_discoverable.json": "4363e4607b6c727cb39adbb906166acaa15265e8034e42e6f3c1b4fe3f8071fc",
    "crates/ever-connect-contracts/src/generated/data/integrations/counterparty_lookup.json": "43379a4f5f48a63e6d98fb47138c62e4d4ffc0c51ecc871be8ef515b5ac520c4",
    "crates/ever-connect-contracts/src/generated/data/integrations/ever_id_login.json": "13ed0efa09192a9032e5e6747c066e2a1d44d7b9856781d9748f3ae3920f96db",
    "crates/ever-connect-contracts/src/generated/data/integrations/instance_url.json": "2f2c50889e60b7b21490be3a0439d7d016bd408f3247f7d0f68c37a76f4c3750",
    "crates/ever-connect-contracts/src/generated/data/integrations/managed_operations.json": "178edd6d4ebb12b46b9ec5d932cdb7f335f4fb577b9eb4faff6cf88a0379bdf6",
    "crates/ever-connect-contracts/src/generated/data/integrations/marketplace_installs.json": "1a365d47ee2be1c8091d63dbff0f074cad525442f4157037d8f577e2de541c75",
    "crates/ever-connect-contracts/src/generated/data/integrations/profile_import.json": "87ea9fdb4aae53f0dc1a9a3fd48fd47bbef19d9a39c2380cf53db480229a2123",
    "crates/ever-connect-contracts/src/generated/data/integrations/provider_access.json": "37293f24704d8a5b416e9aef21d89f31858e1769b78a05b42667180fe0cea200",
    "crates/ever-connect-contracts/src/generated/data/integrations/stats_link.json": "dcf954f68e8df40044648067c22098286348d029f62fe6e3e3548481aa253732",
    "crates/ever-connect-contracts/src/generated/data/integrations/usage_reporting.json": "d3b45bd74af6ee303a2e1dd815254d7e98e8d8b5a230cd14803f0f59ce738c64",
    "crates/ever-connect-contracts/src/generated/data/integrations/webhooks.json": "1a04ea6f550479eb5917ed3b2270608b86603a94d9b383c95281183210f65fe8",
    "crates/ever-connect-contracts/src/generated/data/outbound-calls.json": "1bc5b6984f4712f1bafaa4ed10ede3bb2703e6fcf55e7e755bd7d794f3659945",
    "crates/ever-connect-contracts/src/generated/data/row-coverage.json": "6ac2ca6319a1c4d3c3851c30175616239b9d416685dea3798dfb0e2e6e51b08d",
    "crates/ever-connect-contracts/src/generated/data/schemas/events/common.schema.json": "8c67c396dc03509af67f3b37c02a279b967bc9925c27701dd536aaa5c113d77c",
    "crates/ever-connect-contracts/src/generated/data/schemas/events/envelope.schema.json": "46a1b09d31ffef3e05c7f9bcca211316c0e61ba4b62407b4b2798eb7ba6ea920",
    "crates/ever-connect-contracts/src/generated/data/schemas/events/ever.consent.consent.granted.v1.schema.json": "ffe6fc83b43c0528068257ff23358bf522cafb34f6fcf3218535d5b489bd5b3c",
    "crates/ever-connect-contracts/src/generated/data/schemas/events/ever.consent.consent.revoked.v1.schema.json": "18b8b9a5e7cd8db73d46785c74345043b9cd5fb5517e16f01e63dfe4d9bd4320",
    "crates/ever-connect-contracts/src/generated/data/schemas/events/ever.consent.integration.disabled.v1.schema.json": "319307914f320e6088944a5ed483d000bb8278c44e23bd808cddf9d9bb5c5659",
    "crates/ever-connect-contracts/src/generated/data/schemas/events/ever.consent.integration.enabled.v1.schema.json": "8e6ad341ea0968485d85c3d814ae74a198d733557af2a4e2d2b8ef3a487c1006",
    "crates/ever-connect-contracts/src/generated/data/schemas/events/ever.consent.integration.scope_bumped.v1.schema.json": "c0aafc4621f836e4cd2771c4d018af4e0045ddf25f93823cad7443d27a8bce13",
    "crates/ever-connect-contracts/src/generated/data/schemas/events/ever.entitlements.entitlement.issued.v1.schema.json": "dbd9b3f573199e6fe521fea55792fb5f0bb85e56bab48c54728832ab42095437",
    "crates/ever-connect-contracts/src/generated/data/schemas/events/ever.entitlements.entitlement.revoked.v1.schema.json": "c88b9f272cdd6174c755218dd9a100fe8cfdfd5974248e6e691312d4c517c153",
    "crates/ever-connect-contracts/src/generated/data/schemas/events/ever.entitlements.usage.limit_reached.v1.schema.json": "818f8d0d2afe1df4e8151ecb8dd4e47b76f7cb382cfe5de1747f5dd2a6505ab8",
    "crates/ever-connect-contracts/src/generated/data/schemas/events/ever.registry.instance.approved.v1.schema.json": "f4d7bf09d10445c19bad4444194050c1337216157051218dd03a8d4a37e6dfc5",
    "crates/ever-connect-contracts/src/generated/data/schemas/events/ever.registry.instance.connected.v1.schema.json": "7a92ff3a142d99586f62dc9b190a1e90ddb254d1572cce3dac2891d27df815d2",
    "crates/ever-connect-contracts/src/generated/data/schemas/events/ever.registry.instance.disconnected.v1.schema.json": "e36d58c30a63387d07f7b2eb865e658ed8ca9b3ad4ccc45f865011ae4c335290",
    "crates/ever-connect-contracts/src/generated/data/schemas/events/ever.registry.instance.key_rotated.v1.schema.json": "d9490846376c74d8dda7f8876ddd220d528e113018678d623b5fd0714f5d8689",
    "crates/ever-connect-contracts/src/generated/data/schemas/events/ever.registry.instance.revoked.v1.schema.json": "b2d68e0a79ad8df30415b5676cabf65a7645987e46261b8934668bd5513561a2",
    "crates/ever-connect-contracts/src/generated/data/schemas/events/ever.registry.instance.seen.v1.schema.json": "2fa75eb47859b1bb4b0c8507dcfbe1219a3f92516929c41ae0aa1f33d274aa9c",
    "crates/ever-connect-contracts/src/generated/data/schemas/events/ever.registry.managed_operation.requested.v1.schema.json": "000ae8f5dbc975dbdc733d97f3216027484dbd0aa1c0a540ceddc23f8ac9943b",
    "crates/ever-connect-contracts/src/generated/data/schemas/events/ever.registry.managed_operation.state_changed.v1.schema.json": "d05dbe50c9e2943199d156e0107b7e1bc7a52e833c04ef73cd4c45caa57efb59",
    "crates/ever-connect-contracts/src/generated/data/schemas/events/ever.registry.membership.created.v1.schema.json": "82bc8b833cf9bc743b07eadf3a4117a59ffe07c85f0b670b2bd2692c2a911fef",
    "crates/ever-connect-contracts/src/generated/data/schemas/events/ever.registry.membership.removed.v1.schema.json": "0d74cf684c80ba0de57fecc73bb05a554c690474539b378b2e256b17ed60e7a2",
    "crates/ever-connect-contracts/src/generated/data/schemas/events/ever.registry.membership.role_changed.v1.schema.json": "0c162fe7776ab29f03d9c48f5efdcafd854b345e1d40c9fa552c5c0e93595a80",
    "crates/ever-connect-contracts/src/generated/data/schemas/events/ever.registry.person.deletion_requested.v1.schema.json": "bc82b5c3e4fd952f12e65c41dbb61016e7caf34085c83f36f3033c64b6677ceb",
    "crates/ever-connect-contracts/src/generated/data/schemas/events/ever.registry.person.export_requested.v1.schema.json": "32f38a49e6fbc6751dee86f919c9d1ee0f421a68cff25cd27c5f11b19513df94",
    "crates/ever-connect-contracts/src/generated/data/schemas/events/ever.registry.tenant_link.created.v1.schema.json": "c3c0a42c7d76dd6a0aefecfa415a279fcc2a2b5676cb0da9e4d1ffcdb171ffb3",
    "crates/ever-connect-contracts/src/generated/data/schemas/events/ever.registry.tenant_link.orphaned.v1.schema.json": "9afd8dbb34ccdcc0891a893aa757095cd23e14f903effc6e5877c26975386977",
    "crates/ever-connect-contracts/src/generated/data/schemas/events/ever.registry.tenant_link.resumed.v1.schema.json": "d9bfad53802d7d3a33398e3c3f982f40a6af89b03a722769714a2b5628352a97",
    "crates/ever-connect-contracts/src/generated/data/schemas/events/ever.registry.tenant_link.suspended.v1.schema.json": "f064dd5fca7a2475f3a934bba98d36fe4788c6d9e0faf44eb0ef9ab7fcd77703",
    "crates/ever-connect-contracts/src/generated/data/schemas/events/ever.registry.tenant_link.unlinked.v1.schema.json": "e437939ff4810504bf910bbb499c1d9fdf18d9754453fb6de59bf1975f24458d",
    "crates/ever-connect-contracts/src/generated/data/schemas/ever.consent.v1.json": "de2754761cdcacbec344b4bbc21826cad8bd2ebb429c1801130dcaed428a7273",
    "crates/ever-connect-contracts/src/generated/data/schemas/ever.entitlement.v1.json": "c39ffc42f6dbc2d871b1af04dcdc9a0f7472ca726612dd82ff712fdf3fd6bd79",
    "crates/ever-connect-contracts/src/generated/data/schemas/ever.key-manifest.v1.json": "fae034f189202d50f48ff8971fcc214f74db223745f1a270801f200113ebf2f0",
    "crates/ever-connect-contracts/src/generated/data/schemas/ever.stats.v1.json": "0cd746f7dec75117a6b812b7a832f9ceca4c97a6ecf65d22d6967a6475efc6e5",
    "crates/ever-connect-contracts/src/generated/data/schemas/ever.usage.v1.json": "d06ef9bfe14fb43d91566a7d58ed70f10b934f3941d449ac2295094288d47237",
    "crates/ever-connect-contracts/src/generated/openapi.rs": "94aade2cfc243164251aaaf0e2326baf5345ede00c9a3bd6bc1dfe4fd262826b",
    "crates/ever-connect-contracts/src/generated/schemas.rs": "108e09a31f3bea945568d02ee9365036e2803e6d6864403d8987a98fa7ccc9d3",
    "crates/ever-connect-contracts/tests/typed/mod.rs": "687368886db89e8390b261f728c1b96d341016e817704605948bfaedcf7ac401",
    "crates/ever-connect-sdk/src/client/generated.rs": "5127f011b83e652920009d03c74d8b2c70c10cde630d5924d368beed97d02dbd",
    "crates/ever-connect-sdk/src/client/request-schemas.json": "b0611d173bd92d73bc860ba5894f0a7a83c82531f1affaa925dc4cdeffbaac1f",
    "docs/integrations.md": "55dc15d6949c70bd017d8b3b430c02e9b59e66e03db9a68b87d4a561debae711",
    "docs/outbound-calls.md": "307c128f316abc2d9c0652ddfc000c0222db3f1cf63f2b84884fa8f92e9cf5f3",
    "docs/stats-schema.md": "d582150ba9c2c760c5782ced37519d95f06ee8b0ed474158f43d515d92f06611",
    "packages/ts/connect-contracts/src/generated/constants.ts": "cce0cbe608cba2a1a3a8ed8a84e0221a4dc46407727bde8271462249917290cc",
    "packages/ts/connect-contracts/src/generated/ever-platform.v1.ts": "8644df8c5c9804128f539b5c50bc30d727da1ed66104d8e20222b9e97450eeaa",
    "packages/ts/connect-contracts/src/generated/integrations.ts": "f5dcf2f2a168efff273d7cece0763823e811aaf0c3a29196c50e80567bf725d4",
    "packages/ts/connect-contracts/src/generated/problems.ts": "e9b8352d4a3261f771f43b3f4cfe1aec689f5c9388b5d2e82792a509495f6548",
    "packages/ts/connect-contracts/src/generated/rows.ts": "1d6022cd1c4c11381fd53445cd859f732a1ebc3f3685d9d3d9410ab296d1dbf1",
    "packages/ts/connect-contracts/src/generated/schemas.ts": "42daa85ad8ac4e29fab24904b54b208b0a3411af0dad66189760cd4f13e9d4a6",
    "packages/ts/connect-sdk/src/generated/operations.ts": "ffef410880096fa63616f58eea770a44e5b16743957a7871daefddbcd05d3cae",
    "tools/egress-audit/selftest/stats-sender/report.json": "78615e517bf4713ee2d557a839200ac6c3e39451fd8ef26fdf8c7dff77fd7f39",
    "tools/mock-platform/contracts/constants.json": "2110f4b6591126c752b3a6bcaa7ad84060024bf7075260d83631a4da93b3f7f1",
    "tools/mock-platform/contracts/fixtures/lookup/test-vectors.json": "6d47d4a9991fa971859ece0fe95a77acc742b8f1b9a6cae88e0f7dfb4c1fbf51",
    "tools/mock-platform/contracts/generated/ever-platform.v1.json": "4a988a6435cbf9446e7b9c81d241483a093c59d8eb0fde0c07affa7728ac98a5",
    "tools/mock-platform/contracts/generated/outbound-calls.json": "1bc5b6984f4712f1bafaa4ed10ede3bb2703e6fcf55e7e755bd7d794f3659945",
    "tools/mock-platform/contracts/generated/row-coverage.json": "6ac2ca6319a1c4d3c3851c30175616239b9d416685dea3798dfb0e2e6e51b08d",
    "tools/mock-platform/contracts/integrations/app_sync.json": "1fa3bfa566557109905ec0ecc6832b1ac39ec799b737d231bc95ccf54ae5b70e",
    "tools/mock-platform/contracts/integrations/billing_link.json": "674c904eecfb899e4eff7fad08072474c9e63867c8ef035694d9cabe81180250",
    "tools/mock-platform/contracts/integrations/catalog.v1.json": "90e48db66a5e3d6f944993b858cb368d68192e88c91af380a624ed2bc9286cc4",
    "tools/mock-platform/contracts/integrations/counterparty_discoverable.json": "4363e4607b6c727cb39adbb906166acaa15265e8034e42e6f3c1b4fe3f8071fc",
    "tools/mock-platform/contracts/integrations/counterparty_lookup.json": "43379a4f5f48a63e6d98fb47138c62e4d4ffc0c51ecc871be8ef515b5ac520c4",
    "tools/mock-platform/contracts/integrations/ever_id_login.json": "13ed0efa09192a9032e5e6747c066e2a1d44d7b9856781d9748f3ae3920f96db",
    "tools/mock-platform/contracts/integrations/instance_url.json": "2f2c50889e60b7b21490be3a0439d7d016bd408f3247f7d0f68c37a76f4c3750",
    "tools/mock-platform/contracts/integrations/managed_operations.json": "178edd6d4ebb12b46b9ec5d932cdb7f335f4fb577b9eb4faff6cf88a0379bdf6",
    "tools/mock-platform/contracts/integrations/marketplace_installs.json": "1a365d47ee2be1c8091d63dbff0f074cad525442f4157037d8f577e2de541c75",
    "tools/mock-platform/contracts/integrations/profile_import.json": "87ea9fdb4aae53f0dc1a9a3fd48fd47bbef19d9a39c2380cf53db480229a2123",
    "tools/mock-platform/contracts/integrations/provider_access.json": "37293f24704d8a5b416e9aef21d89f31858e1769b78a05b42667180fe0cea200",
    "tools/mock-platform/contracts/integrations/stats_link.json": "dcf954f68e8df40044648067c22098286348d029f62fe6e3e3548481aa253732",
    "tools/mock-platform/contracts/integrations/usage_reporting.json": "d3b45bd74af6ee303a2e1dd815254d7e98e8d8b5a230cd14803f0f59ce738c64",
    "tools/mock-platform/contracts/integrations/webhooks.json": "1a04ea6f550479eb5917ed3b2270608b86603a94d9b383c95281183210f65fe8",
    "tools/mock-platform/contracts/openapi/pending-upstream.json": "de960d7619a0adabd0f2115a22dc69905b7599bec953c0271806e9e02056bcf2",
    "tools/mock-platform/contracts/schemas/events/common.schema.json": "8c67c396dc03509af67f3b37c02a279b967bc9925c27701dd536aaa5c113d77c",
    "tools/mock-platform/contracts/schemas/events/envelope.schema.json": "46a1b09d31ffef3e05c7f9bcca211316c0e61ba4b62407b4b2798eb7ba6ea920",
    "tools/mock-platform/contracts/schemas/events/ever.consent.consent.granted.v1.schema.json": "ffe6fc83b43c0528068257ff23358bf522cafb34f6fcf3218535d5b489bd5b3c",
    "tools/mock-platform/contracts/schemas/events/ever.consent.consent.revoked.v1.schema.json": "18b8b9a5e7cd8db73d46785c74345043b9cd5fb5517e16f01e63dfe4d9bd4320",
    "tools/mock-platform/contracts/schemas/events/ever.consent.integration.disabled.v1.schema.json": "319307914f320e6088944a5ed483d000bb8278c44e23bd808cddf9d9bb5c5659",
    "tools/mock-platform/contracts/schemas/events/ever.consent.integration.enabled.v1.schema.json": "8e6ad341ea0968485d85c3d814ae74a198d733557af2a4e2d2b8ef3a487c1006",
    "tools/mock-platform/contracts/schemas/events/ever.consent.integration.scope_bumped.v1.schema.json": "c0aafc4621f836e4cd2771c4d018af4e0045ddf25f93823cad7443d27a8bce13",
    "tools/mock-platform/contracts/schemas/events/ever.entitlements.entitlement.issued.v1.schema.json": "dbd9b3f573199e6fe521fea55792fb5f0bb85e56bab48c54728832ab42095437",
    "tools/mock-platform/contracts/schemas/events/ever.entitlements.entitlement.revoked.v1.schema.json": "c88b9f272cdd6174c755218dd9a100fe8cfdfd5974248e6e691312d4c517c153",
    "tools/mock-platform/contracts/schemas/events/ever.entitlements.usage.limit_reached.v1.schema.json": "818f8d0d2afe1df4e8151ecb8dd4e47b76f7cb382cfe5de1747f5dd2a6505ab8",
    "tools/mock-platform/contracts/schemas/events/ever.registry.instance.approved.v1.schema.json": "f4d7bf09d10445c19bad4444194050c1337216157051218dd03a8d4a37e6dfc5",
    "tools/mock-platform/contracts/schemas/events/ever.registry.instance.connected.v1.schema.json": "7a92ff3a142d99586f62dc9b190a1e90ddb254d1572cce3dac2891d27df815d2",
    "tools/mock-platform/contracts/schemas/events/ever.registry.instance.disconnected.v1.schema.json": "e36d58c30a63387d07f7b2eb865e658ed8ca9b3ad4ccc45f865011ae4c335290",
    "tools/mock-platform/contracts/schemas/events/ever.registry.instance.key_rotated.v1.schema.json": "d9490846376c74d8dda7f8876ddd220d528e113018678d623b5fd0714f5d8689",
    "tools/mock-platform/contracts/schemas/events/ever.registry.instance.revoked.v1.schema.json": "b2d68e0a79ad8df30415b5676cabf65a7645987e46261b8934668bd5513561a2",
    "tools/mock-platform/contracts/schemas/events/ever.registry.instance.seen.v1.schema.json": "2fa75eb47859b1bb4b0c8507dcfbe1219a3f92516929c41ae0aa1f33d274aa9c",
    "tools/mock-platform/contracts/schemas/events/ever.registry.managed_operation.requested.v1.schema.json": "000ae8f5dbc975dbdc733d97f3216027484dbd0aa1c0a540ceddc23f8ac9943b",
    "tools/mock-platform/contracts/schemas/events/ever.registry.managed_operation.state_changed.v1.schema.json": "d05dbe50c9e2943199d156e0107b7e1bc7a52e833c04ef73cd4c45caa57efb59",
    "tools/mock-platform/contracts/schemas/events/ever.registry.membership.created.v1.schema.json": "82bc8b833cf9bc743b07eadf3a4117a59ffe07c85f0b670b2bd2692c2a911fef",
    "tools/mock-platform/contracts/schemas/events/ever.registry.membership.removed.v1.schema.json": "0d74cf684c80ba0de57fecc73bb05a554c690474539b378b2e256b17ed60e7a2",
    "tools/mock-platform/contracts/schemas/events/ever.registry.membership.role_changed.v1.schema.json": "0c162fe7776ab29f03d9c48f5efdcafd854b345e1d40c9fa552c5c0e93595a80",
    "tools/mock-platform/contracts/schemas/events/ever.registry.person.deletion_requested.v1.schema.json": "bc82b5c3e4fd952f12e65c41dbb61016e7caf34085c83f36f3033c64b6677ceb",
    "tools/mock-platform/contracts/schemas/events/ever.registry.person.export_requested.v1.schema.json": "32f38a49e6fbc6751dee86f919c9d1ee0f421a68cff25cd27c5f11b19513df94",
    "tools/mock-platform/contracts/schemas/events/ever.registry.tenant_link.created.v1.schema.json": "c3c0a42c7d76dd6a0aefecfa415a279fcc2a2b5676cb0da9e4d1ffcdb171ffb3",
    "tools/mock-platform/contracts/schemas/events/ever.registry.tenant_link.orphaned.v1.schema.json": "9afd8dbb34ccdcc0891a893aa757095cd23e14f903effc6e5877c26975386977",
    "tools/mock-platform/contracts/schemas/events/ever.registry.tenant_link.resumed.v1.schema.json": "d9bfad53802d7d3a33398e3c3f982f40a6af89b03a722769714a2b5628352a97",
    "tools/mock-platform/contracts/schemas/events/ever.registry.tenant_link.suspended.v1.schema.json": "f064dd5fca7a2475f3a934bba98d36fe4788c6d9e0faf44eb0ef9ab7fcd77703",
    "tools/mock-platform/contracts/schemas/events/ever.registry.tenant_link.unlinked.v1.schema.json": "e437939ff4810504bf910bbb499c1d9fdf18d9754453fb6de59bf1975f24458d",
    "tools/mock-platform/contracts/schemas/ever.consent.v1.json": "de2754761cdcacbec344b4bbc21826cad8bd2ebb429c1801130dcaed428a7273",
    "tools/mock-platform/contracts/schemas/ever.entitlement.v1.json": "c39ffc42f6dbc2d871b1af04dcdc9a0f7472ca726612dd82ff712fdf3fd6bd79",
    "tools/mock-platform/contracts/schemas/ever.key-manifest.v1.json": "fae034f189202d50f48ff8971fcc214f74db223745f1a270801f200113ebf2f0",
    "tools/mock-platform/contracts/schemas/ever.stats.v1.json": "0cd746f7dec75117a6b812b7a832f9ceca4c97a6ecf65d22d6967a6475efc6e5",
    "tools/mock-platform/contracts/schemas/ever.usage.v1.json": "d06ef9bfe14fb43d91566a7d58ed70f10b934f3941d449ac2295094288d47237"
  }
}
