{
  "description": "sha256 of every file tools/generate.mjs writes",
  "files": {
    "contracts/generated/ever-platform.v1.json": "db05d78709277fe72d5da81362a3575e49cb85b81c770dcb90a48b7e6eacad40",
    "contracts/generated/outbound-calls.json": "856ce26b64eeda96e9920741089738d9de13a1ad3b411c08af4cab2c75f4b5ad",
    "contracts/generated/row-coverage.json": "b1fe05ea8ad7f89132859610def5898a4fd2d73e8d5ef719794fcd72b4c4b4fa",
    "crates/ever-connect-contracts/src/generated/constants.rs": "f52f23018ab82623e5b934539323082b190d24b05a91f1e3ffe94cf18726b20a",
    "crates/ever-connect-contracts/src/generated/data/constants.json": "ca273b4ba9fe75ffafb6cc58a659911fdd158adb5b5a77f15d9e145a131f0009",
    "crates/ever-connect-contracts/src/generated/data/integrations/app_sync.json": "15adac665537de05d1ff564d426dd135205956ca5ed7395409aff57bbe577bc3",
    "crates/ever-connect-contracts/src/generated/data/integrations/billing_link.json": "87e11bc4616f418d67177e6ab290f05bf0395bc0b45f480b123144e67060c0e0",
    "crates/ever-connect-contracts/src/generated/data/integrations/counterparty_discoverable.json": "a4d632e7742145c3f6839b3f149a1d827a98cbbe2807192237cf2168fbc02331",
    "crates/ever-connect-contracts/src/generated/data/integrations/counterparty_lookup.json": "44531dffca913de1f7b2b326300f5a4d713cfbace0d9c1d24fb10d2ffeb0d8f3",
    "crates/ever-connect-contracts/src/generated/data/integrations/ever_id_login.json": "a70323f47a78227f92491780fd3f3defaa9ab1d64417a5dbdb55548e6eb365dc",
    "crates/ever-connect-contracts/src/generated/data/integrations/instance_url.json": "8547fbe30fef8a4f1f5905a25f5fe7030074149f89ee5e1e4af65488fea8d73d",
    "crates/ever-connect-contracts/src/generated/data/integrations/managed_operations.json": "ca67882db5e881d49f005ff7a43919b49c074d439892f9c17d4d535bbd43dcb7",
    "crates/ever-connect-contracts/src/generated/data/integrations/marketplace_installs.json": "dac6828e66c28c141545d417806c6fde2021b59304e76710877169753bb2ba9a",
    "crates/ever-connect-contracts/src/generated/data/integrations/profile_import.json": "5c1b56a082a2c205327750f7d28da69519c05a5e27737206330781951908a2ca",
    "crates/ever-connect-contracts/src/generated/data/integrations/provider_access.json": "9cbbf621b0c2dadaaa157c7c57946b5121ed3f053e4ddc73a66c552bb57d1f41",
    "crates/ever-connect-contracts/src/generated/data/integrations/stats_link.json": "314e019c8989cbb188643c5b263a87c81b4a6b40b1bbb61161827a382dfa4a14",
    "crates/ever-connect-contracts/src/generated/data/integrations/usage_reporting.json": "6e5e1f55d3f394ffb59fd4ede2b706c478bc7955735efc7b0b43c77024112457",
    "crates/ever-connect-contracts/src/generated/data/integrations/webhooks.json": "d82764e5f5a8783e8a40837f896998c2e9b1f9b885eac52544d254fa9ff9d8a1",
    "crates/ever-connect-contracts/src/generated/data/outbound-calls.json": "856ce26b64eeda96e9920741089738d9de13a1ad3b411c08af4cab2c75f4b5ad",
    "crates/ever-connect-contracts/src/generated/data/row-coverage.json": "b1fe05ea8ad7f89132859610def5898a4fd2d73e8d5ef719794fcd72b4c4b4fa",
    "crates/ever-connect-contracts/src/generated/data/schemas/events/common.schema.json": "9a1da8dfba700b880cddb1d9bd93900faad71f7053b63200aed6cdada6229bdd",
    "crates/ever-connect-contracts/src/generated/data/schemas/events/envelope.schema.json": "46a1b09d31ffef3e05c7f9bcca211316c0e61ba4b62407b4b2798eb7ba6ea920",
    "crates/ever-connect-contracts/src/generated/data/schemas/events/ever.consent.consent.granted.v1.schema.json": "ffe6fc83b43c0528068257ff23358bf522cafb34f6fcf3218535d5b489bd5b3c",
    "crates/ever-connect-contracts/src/generated/data/schemas/events/ever.consent.consent.revoked.v1.schema.json": "118d3934f94bc113314f9c2821819c1fa71e02edcabc0e1e9cabb125760f7247",
    "crates/ever-connect-contracts/src/generated/data/schemas/events/ever.consent.integration.disabled.v1.schema.json": "0594161fffedc80bd7cde226354104cd2244d320bc16531ba7563f2b723c9b30",
    "crates/ever-connect-contracts/src/generated/data/schemas/events/ever.consent.integration.enabled.v1.schema.json": "7202f2c72f1b60304f3ff7e39d1912620f335eb82542165944f8160492fb7788",
    "crates/ever-connect-contracts/src/generated/data/schemas/events/ever.consent.integration.scope_bumped.v1.schema.json": "c0aafc4621f836e4cd2771c4d018af4e0045ddf25f93823cad7443d27a8bce13",
    "crates/ever-connect-contracts/src/generated/data/schemas/events/ever.entitlements.entitlement.issued.v1.schema.json": "dbd9b3f573199e6fe521fea55792fb5f0bb85e56bab48c54728832ab42095437",
    "crates/ever-connect-contracts/src/generated/data/schemas/events/ever.entitlements.entitlement.revoked.v1.schema.json": "c88b9f272cdd6174c755218dd9a100fe8cfdfd5974248e6e691312d4c517c153",
    "crates/ever-connect-contracts/src/generated/data/schemas/events/ever.entitlements.usage.limit_reached.v1.schema.json": "818f8d0d2afe1df4e8151ecb8dd4e47b76f7cb382cfe5de1747f5dd2a6505ab8",
    "crates/ever-connect-contracts/src/generated/data/schemas/events/ever.registry.instance.approved.v1.schema.json": "f4d7bf09d10445c19bad4444194050c1337216157051218dd03a8d4a37e6dfc5",
    "crates/ever-connect-contracts/src/generated/data/schemas/events/ever.registry.instance.connected.v1.schema.json": "7a92ff3a142d99586f62dc9b190a1e90ddb254d1572cce3dac2891d27df815d2",
    "crates/ever-connect-contracts/src/generated/data/schemas/events/ever.registry.instance.disconnected.v1.schema.json": "e36d58c30a63387d07f7b2eb865e658ed8ca9b3ad4ccc45f865011ae4c335290",
    "crates/ever-connect-contracts/src/generated/data/schemas/events/ever.registry.instance.key_rotated.v1.schema.json": "d9490846376c74d8dda7f8876ddd220d528e113018678d623b5fd0714f5d8689",
    "crates/ever-connect-contracts/src/generated/data/schemas/events/ever.registry.instance.revoked.v1.schema.json": "b2d68e0a79ad8df30415b5676cabf65a7645987e46261b8934668bd5513561a2",
    "crates/ever-connect-contracts/src/generated/data/schemas/events/ever.registry.instance.seen.v1.schema.json": "2fa75eb47859b1bb4b0c8507dcfbe1219a3f92516929c41ae0aa1f33d274aa9c",
    "crates/ever-connect-contracts/src/generated/data/schemas/events/ever.registry.managed_operation.requested.v1.schema.json": "000ae8f5dbc975dbdc733d97f3216027484dbd0aa1c0a540ceddc23f8ac9943b",
    "crates/ever-connect-contracts/src/generated/data/schemas/events/ever.registry.managed_operation.state_changed.v1.schema.json": "d05dbe50c9e2943199d156e0107b7e1bc7a52e833c04ef73cd4c45caa57efb59",
    "crates/ever-connect-contracts/src/generated/data/schemas/events/ever.registry.membership.created.v1.schema.json": "82bc8b833cf9bc743b07eadf3a4117a59ffe07c85f0b670b2bd2692c2a911fef",
    "crates/ever-connect-contracts/src/generated/data/schemas/events/ever.registry.membership.removed.v1.schema.json": "0d74cf684c80ba0de57fecc73bb05a554c690474539b378b2e256b17ed60e7a2",
    "crates/ever-connect-contracts/src/generated/data/schemas/events/ever.registry.membership.role_changed.v1.schema.json": "0c162fe7776ab29f03d9c48f5efdcafd854b345e1d40c9fa552c5c0e93595a80",
    "crates/ever-connect-contracts/src/generated/data/schemas/events/ever.registry.person.deletion_requested.v1.schema.json": "aa530afcd300df0b0735a8d8a35dd8bf17816c9b728205ad8f375f544ae24029",
    "crates/ever-connect-contracts/src/generated/data/schemas/events/ever.registry.person.export_requested.v1.schema.json": "32f38a49e6fbc6751dee86f919c9d1ee0f421a68cff25cd27c5f11b19513df94",
    "crates/ever-connect-contracts/src/generated/data/schemas/events/ever.registry.tenant_link.created.v1.schema.json": "c3c0a42c7d76dd6a0aefecfa415a279fcc2a2b5676cb0da9e4d1ffcdb171ffb3",
    "crates/ever-connect-contracts/src/generated/data/schemas/events/ever.registry.tenant_link.orphaned.v1.schema.json": "9afd8dbb34ccdcc0891a893aa757095cd23e14f903effc6e5877c26975386977",
    "crates/ever-connect-contracts/src/generated/data/schemas/events/ever.registry.tenant_link.resumed.v1.schema.json": "d9bfad53802d7d3a33398e3c3f982f40a6af89b03a722769714a2b5628352a97",
    "crates/ever-connect-contracts/src/generated/data/schemas/events/ever.registry.tenant_link.suspended.v1.schema.json": "f064dd5fca7a2475f3a934bba98d36fe4788c6d9e0faf44eb0ef9ab7fcd77703",
    "crates/ever-connect-contracts/src/generated/data/schemas/events/ever.registry.tenant_link.unlinked.v1.schema.json": "e437939ff4810504bf910bbb499c1d9fdf18d9754453fb6de59bf1975f24458d",
    "crates/ever-connect-contracts/src/generated/data/schemas/ever.consent.v1.json": "de2754761cdcacbec344b4bbc21826cad8bd2ebb429c1801130dcaed428a7273",
    "crates/ever-connect-contracts/src/generated/data/schemas/ever.entitlement.v1.json": "f4a48ba7bd70bfddb85f220092806f8553945a8f9448ad234a0ca6e96b880197",
    "crates/ever-connect-contracts/src/generated/data/schemas/ever.key-manifest.v1.json": "fae034f189202d50f48ff8971fcc214f74db223745f1a270801f200113ebf2f0",
    "crates/ever-connect-contracts/src/generated/data/schemas/ever.stats.v1.json": "0cd746f7dec75117a6b812b7a832f9ceca4c97a6ecf65d22d6967a6475efc6e5",
    "crates/ever-connect-contracts/src/generated/openapi.rs": "fb8b1d44af43e277e70432812af6779832ef35455202d71f6286b4f80abf7407",
    "crates/ever-connect-contracts/src/generated/schemas.rs": "b46d462ef96683cbec29900bf01e416caa601435489cf29bd9e939afe9edf6e8",
    "crates/ever-connect-contracts/tests/typed/mod.rs": "f34352c3c06783c43cd542eed7fa79f3d51a4885d866ef1701164b9251036790",
    "docs/integrations.md": "86e29a4a9d2c37d95b46258139d6e6bcd12c34299770e071f7bd604c784a1d86",
    "docs/outbound-calls.md": "b0aa1abbe23a37348a46518a303db63a066885d76d3e0a1eec70decd384d7417",
    "docs/stats-schema.md": "28d5642608bf2ba667f0c79e9ddcd5f00374d5fa6d5cc90ff61196c811266d02",
    "packages/ts/connect-contracts/src/generated/constants.ts": "333250168dcb9c6086667498947df3f1acfbf4e5798d1e7814ee299b35e931bb",
    "packages/ts/connect-contracts/src/generated/ever-platform.v1.ts": "05b917d8b3ef52e3ad5a411e5a0e6d07c0a0ff0d43161190393cdde94c8fcc90",
    "packages/ts/connect-contracts/src/generated/integrations.ts": "94df98c73d6df64d1b3f7f01f239d34d135d456a01544d684cd214656eb2294c",
    "packages/ts/connect-contracts/src/generated/problems.ts": "4f4074473450a8c597d3751f77156297b85ef8218619ac7a5ea8e821209b84b9",
    "packages/ts/connect-contracts/src/generated/rows.ts": "61547c4249937c778b3c3fc4d14939246cb550b9c8f985ad9db39ba38eb09d7a",
    "packages/ts/connect-contracts/src/generated/schemas.ts": "a7b7d34db697ec4ec3d6e46bed24e1a86cbe7a42795cddb4ee210dd52737a27a",
    "tools/egress-audit/selftest/stats-sender/report.json": "78615e517bf4713ee2d557a839200ac6c3e39451fd8ef26fdf8c7dff77fd7f39",
    "tools/mock-platform/contracts/constants.json": "ca273b4ba9fe75ffafb6cc58a659911fdd158adb5b5a77f15d9e145a131f0009",
    "tools/mock-platform/contracts/fixtures/lookup/test-vectors.json": "488cab5744e535def182c0bcca029e72c5b0dd4909cfc1a7ff6e81229fa0371b",
    "tools/mock-platform/contracts/generated/ever-platform.v1.json": "db05d78709277fe72d5da81362a3575e49cb85b81c770dcb90a48b7e6eacad40",
    "tools/mock-platform/contracts/generated/outbound-calls.json": "856ce26b64eeda96e9920741089738d9de13a1ad3b411c08af4cab2c75f4b5ad",
    "tools/mock-platform/contracts/generated/row-coverage.json": "b1fe05ea8ad7f89132859610def5898a4fd2d73e8d5ef719794fcd72b4c4b4fa",
    "tools/mock-platform/contracts/integrations/app_sync.json": "15adac665537de05d1ff564d426dd135205956ca5ed7395409aff57bbe577bc3",
    "tools/mock-platform/contracts/integrations/billing_link.json": "87e11bc4616f418d67177e6ab290f05bf0395bc0b45f480b123144e67060c0e0",
    "tools/mock-platform/contracts/integrations/catalog.v1.json": "354339c12f0504ec34531f857b28d5df71bc98cf6fbaa435248f3942366c5f0d",
    "tools/mock-platform/contracts/integrations/counterparty_discoverable.json": "a4d632e7742145c3f6839b3f149a1d827a98cbbe2807192237cf2168fbc02331",
    "tools/mock-platform/contracts/integrations/counterparty_lookup.json": "44531dffca913de1f7b2b326300f5a4d713cfbace0d9c1d24fb10d2ffeb0d8f3",
    "tools/mock-platform/contracts/integrations/ever_id_login.json": "a70323f47a78227f92491780fd3f3defaa9ab1d64417a5dbdb55548e6eb365dc",
    "tools/mock-platform/contracts/integrations/instance_url.json": "8547fbe30fef8a4f1f5905a25f5fe7030074149f89ee5e1e4af65488fea8d73d",
    "tools/mock-platform/contracts/integrations/managed_operations.json": "ca67882db5e881d49f005ff7a43919b49c074d439892f9c17d4d535bbd43dcb7",
    "tools/mock-platform/contracts/integrations/marketplace_installs.json": "dac6828e66c28c141545d417806c6fde2021b59304e76710877169753bb2ba9a",
    "tools/mock-platform/contracts/integrations/profile_import.json": "5c1b56a082a2c205327750f7d28da69519c05a5e27737206330781951908a2ca",
    "tools/mock-platform/contracts/integrations/provider_access.json": "9cbbf621b0c2dadaaa157c7c57946b5121ed3f053e4ddc73a66c552bb57d1f41",
    "tools/mock-platform/contracts/integrations/stats_link.json": "314e019c8989cbb188643c5b263a87c81b4a6b40b1bbb61161827a382dfa4a14",
    "tools/mock-platform/contracts/integrations/usage_reporting.json": "6e5e1f55d3f394ffb59fd4ede2b706c478bc7955735efc7b0b43c77024112457",
    "tools/mock-platform/contracts/integrations/webhooks.json": "d82764e5f5a8783e8a40837f896998c2e9b1f9b885eac52544d254fa9ff9d8a1",
    "tools/mock-platform/contracts/openapi/pending-upstream.json": "95b0cecc00f4d253913832b9fbe5d0b8e988a9c872ed44c3279561f914991a90",
    "tools/mock-platform/contracts/schemas/events/common.schema.json": "9a1da8dfba700b880cddb1d9bd93900faad71f7053b63200aed6cdada6229bdd",
    "tools/mock-platform/contracts/schemas/events/envelope.schema.json": "46a1b09d31ffef3e05c7f9bcca211316c0e61ba4b62407b4b2798eb7ba6ea920",
    "tools/mock-platform/contracts/schemas/events/ever.consent.consent.granted.v1.schema.json": "ffe6fc83b43c0528068257ff23358bf522cafb34f6fcf3218535d5b489bd5b3c",
    "tools/mock-platform/contracts/schemas/events/ever.consent.consent.revoked.v1.schema.json": "118d3934f94bc113314f9c2821819c1fa71e02edcabc0e1e9cabb125760f7247",
    "tools/mock-platform/contracts/schemas/events/ever.consent.integration.disabled.v1.schema.json": "0594161fffedc80bd7cde226354104cd2244d320bc16531ba7563f2b723c9b30",
    "tools/mock-platform/contracts/schemas/events/ever.consent.integration.enabled.v1.schema.json": "7202f2c72f1b60304f3ff7e39d1912620f335eb82542165944f8160492fb7788",
    "tools/mock-platform/contracts/schemas/events/ever.consent.integration.scope_bumped.v1.schema.json": "c0aafc4621f836e4cd2771c4d018af4e0045ddf25f93823cad7443d27a8bce13",
    "tools/mock-platform/contracts/schemas/events/ever.entitlements.entitlement.issued.v1.schema.json": "dbd9b3f573199e6fe521fea55792fb5f0bb85e56bab48c54728832ab42095437",
    "tools/mock-platform/contracts/schemas/events/ever.entitlements.entitlement.revoked.v1.schema.json": "c88b9f272cdd6174c755218dd9a100fe8cfdfd5974248e6e691312d4c517c153",
    "tools/mock-platform/contracts/schemas/events/ever.entitlements.usage.limit_reached.v1.schema.json": "818f8d0d2afe1df4e8151ecb8dd4e47b76f7cb382cfe5de1747f5dd2a6505ab8",
    "tools/mock-platform/contracts/schemas/events/ever.registry.instance.approved.v1.schema.json": "f4d7bf09d10445c19bad4444194050c1337216157051218dd03a8d4a37e6dfc5",
    "tools/mock-platform/contracts/schemas/events/ever.registry.instance.connected.v1.schema.json": "7a92ff3a142d99586f62dc9b190a1e90ddb254d1572cce3dac2891d27df815d2",
    "tools/mock-platform/contracts/schemas/events/ever.registry.instance.disconnected.v1.schema.json": "e36d58c30a63387d07f7b2eb865e658ed8ca9b3ad4ccc45f865011ae4c335290",
    "tools/mock-platform/contracts/schemas/events/ever.registry.instance.key_rotated.v1.schema.json": "d9490846376c74d8dda7f8876ddd220d528e113018678d623b5fd0714f5d8689",
    "tools/mock-platform/contracts/schemas/events/ever.registry.instance.revoked.v1.schema.json": "b2d68e0a79ad8df30415b5676cabf65a7645987e46261b8934668bd5513561a2",
    "tools/mock-platform/contracts/schemas/events/ever.registry.instance.seen.v1.schema.json": "2fa75eb47859b1bb4b0c8507dcfbe1219a3f92516929c41ae0aa1f33d274aa9c",
    "tools/mock-platform/contracts/schemas/events/ever.registry.managed_operation.requested.v1.schema.json": "000ae8f5dbc975dbdc733d97f3216027484dbd0aa1c0a540ceddc23f8ac9943b",
    "tools/mock-platform/contracts/schemas/events/ever.registry.managed_operation.state_changed.v1.schema.json": "d05dbe50c9e2943199d156e0107b7e1bc7a52e833c04ef73cd4c45caa57efb59",
    "tools/mock-platform/contracts/schemas/events/ever.registry.membership.created.v1.schema.json": "82bc8b833cf9bc743b07eadf3a4117a59ffe07c85f0b670b2bd2692c2a911fef",
    "tools/mock-platform/contracts/schemas/events/ever.registry.membership.removed.v1.schema.json": "0d74cf684c80ba0de57fecc73bb05a554c690474539b378b2e256b17ed60e7a2",
    "tools/mock-platform/contracts/schemas/events/ever.registry.membership.role_changed.v1.schema.json": "0c162fe7776ab29f03d9c48f5efdcafd854b345e1d40c9fa552c5c0e93595a80",
    "tools/mock-platform/contracts/schemas/events/ever.registry.person.deletion_requested.v1.schema.json": "aa530afcd300df0b0735a8d8a35dd8bf17816c9b728205ad8f375f544ae24029",
    "tools/mock-platform/contracts/schemas/events/ever.registry.person.export_requested.v1.schema.json": "32f38a49e6fbc6751dee86f919c9d1ee0f421a68cff25cd27c5f11b19513df94",
    "tools/mock-platform/contracts/schemas/events/ever.registry.tenant_link.created.v1.schema.json": "c3c0a42c7d76dd6a0aefecfa415a279fcc2a2b5676cb0da9e4d1ffcdb171ffb3",
    "tools/mock-platform/contracts/schemas/events/ever.registry.tenant_link.orphaned.v1.schema.json": "9afd8dbb34ccdcc0891a893aa757095cd23e14f903effc6e5877c26975386977",
    "tools/mock-platform/contracts/schemas/events/ever.registry.tenant_link.resumed.v1.schema.json": "d9bfad53802d7d3a33398e3c3f982f40a6af89b03a722769714a2b5628352a97",
    "tools/mock-platform/contracts/schemas/events/ever.registry.tenant_link.suspended.v1.schema.json": "f064dd5fca7a2475f3a934bba98d36fe4788c6d9e0faf44eb0ef9ab7fcd77703",
    "tools/mock-platform/contracts/schemas/events/ever.registry.tenant_link.unlinked.v1.schema.json": "e437939ff4810504bf910bbb499c1d9fdf18d9754453fb6de59bf1975f24458d",
    "tools/mock-platform/contracts/schemas/ever.consent.v1.json": "de2754761cdcacbec344b4bbc21826cad8bd2ebb429c1801130dcaed428a7273",
    "tools/mock-platform/contracts/schemas/ever.entitlement.v1.json": "f4a48ba7bd70bfddb85f220092806f8553945a8f9448ad234a0ca6e96b880197",
    "tools/mock-platform/contracts/schemas/ever.key-manifest.v1.json": "fae034f189202d50f48ff8971fcc214f74db223745f1a270801f200113ebf2f0",
    "tools/mock-platform/contracts/schemas/ever.stats.v1.json": "0cd746f7dec75117a6b812b7a832f9ceca4c97a6ecf65d22d6967a6475efc6e5"
  }
}
